
Microsoft Visual Studio Solution File, Format Version 12.00
# Visual Studio Version 17
VisualStudioVersion = 17.10.34916.146
MinimumVisualStudioVersion = 10.0.40219.1
Project("{9A19103F-16F7-4668-BE54-9A1E7A4F7556}") = "HolyChain.Sample1", "sample1\src\HolyChain.Sample1\HolyChain.Sample1.csproj", "{890C3B1F-647B-4961-8F6F-FAE144AF9A82}"
EndProject
Project("{9A19103F-16F7-4668-BE54-9A1E7A4F7556}") = "St.HolyChain.Sample1.Tests", "sample1\tests\St.HolyChain.Sample1.Tests\St.HolyChain.Sample1.Tests.csproj", "{B12E5090-F77E-442A-BD87-C3731150F1D8}"
EndProject
Global
	GlobalSection(SolutionConfigurationPlatforms) = preSolution
		Debug|Any CPU = Debug|Any CPU
		Release|Any CPU = Release|Any CPU
	EndGlobalSection
	GlobalSection(ProjectConfigurationPlatforms) = postSolution
		{890C3B1F-647B-4961-8F6F-FAE144AF9A82}.Debug|Any CPU.ActiveCfg = Debug|Any CPU
		{890C3B1F-647B-4961-8F6F-FAE144AF9A82}.Debug|Any CPU.Build.0 = Debug|Any CPU
		{890C3B1F-647B-4961-8F6F-FAE144AF9A82}.Release|Any CPU.ActiveCfg = Release|Any CPU
		{890C3B1F-647B-4961-8F6F-FAE144AF9A82}.Release|Any CPU.Build.0 = Release|Any CPU
		{B12E5090-F77E-442A-BD87-C3731150F1D8}.Debug|Any CPU.ActiveCfg = Debug|Any CPU
		{B12E5090-F77E-442A-BD87-C3731150F1D8}.Debug|Any CPU.Build.0 = Debug|Any CPU
		{B12E5090-F77E-442A-BD87-C3731150F1D8}.Release|Any CPU.ActiveCfg = Release|Any CPU
		{B12E5090-F77E-442A-BD87-C3731150F1D8}.Release|Any CPU.Build.0 = Release|Any CPU
	EndGlobalSection
	GlobalSection(SolutionProperties) = preSolution
		HideSolutionNode = FALSE
	EndGlobalSection
	GlobalSection(ExtensibilityGlobals) = postSolution
		SolutionGuid = {0293DBA8-D404-46A8-8387-F3FE6FC45963}
	EndGlobalSection
EndGlobal
